{
  "name": "dune_sim",
  "lockfileVersion": 2,
  "requires": true,
  "packages": {
    "": {
      "name": "dune_sim",
      "dependencies": {
        "lodash": "^4.17.21"
      },
      "devDependencies": {
        "@types/lodash": "^4.14.196",
        "bun-types": "latest"
      },
      "peerDependencies": {
        "typescript": "^5.0.0"
      }
    },
    "node_modules/@types/lodash": {
      "version": "4.14.196",
      "resolved": "https://registry.npmjs.org/@types/lodash/-/lodash-4.14.196.tgz",
      "integrity": "sha512-22y3o88f4a94mKljsZcanlNWPzO0uBsBdzLAngf2tp533LzZcQzb6+eZPJ+vCTt+bqF2XnvT9gejTLsAcJAJyQ==",
      "dev": true
    },
    "node_modules/bun-types": {
      "version": "0.7.1",
      "resolved": "https://registry.npmjs.org/bun-types/-/bun-types-0.7.1.tgz",
      "integrity": "sha512-TwB4gqwPIWuBFpvISEOciXr9W+yi5b+zRLiydOxawXuQEdgFHnEYdIUDZbIJ6/dtiHJIGBBS/KY+0qwJL5FDKQ==",
      "dev": true
    },
    "node_modules/lodash": {
      "version": "4.17.21",
      "license": "MIT"
    },
    "node_modules/typescript": {
      "version": "5.1.6",
      "resolved": "https://registry.npmjs.org/typescript/-/typescript-5.1.6.tgz",
      "integrity": "sha512-zaWCozRZ6DLEWAWFrVDz1H6FVXzUSfTy5FUMWsQlU8Ym5JP9eO4xkTIROFCQvhQf61z6O/G6ugw3SgAnvvm+HA==",
      "peer": true,
      "bin": {
        "tsc": "bin/tsc",
        "tsserver": "bin/tsserver"
      },
      "engines": {
        "node": ">=14.17"
      }
    }
  },
  "dependencies": {
    "@types/lodash": {
      "version": "4.14.196",
      "resolved": "https://registry.npmjs.org/@types/lodash/-/lodash-4.14.196.tgz",
      "integrity": "sha512-22y3o88f4a94mKljsZcanlNWPzO0uBsBdzLAngf2tp533LzZcQzb6+eZPJ+vCTt+bqF2XnvT9gejTLsAcJAJyQ==",
      "dev": true
    },
    "bun-types": {
      "version": "0.7.1",
      "resolved": "https://registry.npmjs.org/bun-types/-/bun-types-0.7.1.tgz",
      "integrity": "sha512-TwB4gqwPIWuBFpvISEOciXr9W+yi5b+zRLiydOxawXuQEdgFHnEYdIUDZbIJ6/dtiHJIGBBS/KY+0qwJL5FDKQ==",
      "dev": true
    },
    "lodash": {
      "version": "4.17.21"
    },
    "typescript": {
      "version": "5.1.6",
      "resolved": "https://registry.npmjs.org/typescript/-/typescript-5.1.6.tgz",
      "integrity": "sha512-zaWCozRZ6DLEWAWFrVDz1H6FVXzUSfTy5FUMWsQlU8Ym5JP9eO4xkTIROFCQvhQf61z6O/G6ugw3SgAnvvm+HA==",
      "peer": true
    }
  }
}
